
Microsoft Visual Studio Solution File, Format Version 12.00
# Visual Studio Version 16
VisualStudioVersion = 16.0.32510.428
MinimumVisualStudioVersion = 10.0.40219.1
Project("{F184B08F-C81C-45F6-A57F-5ABD9991F28F}") = "TugasAkhirCafe", "TugasAkhirCafe\TugasAkhirCafe.vbproj", "{7BD703B4-A09B-4FA6-9408-473DBF0EE048}"
EndProject
Global
	GlobalSection(SolutionConfigurationPlatforms) = preSolution
		Debug|Any CPU = Debug|Any CPU
		Release|Any CPU = Release|Any CPU
	EndGlobalSection
	GlobalSection(ProjectConfigurationPlatforms) = postSolution
		{7BD703B4-A09B-4FA6-9408-473DBF0EE048}.Debug|Any CPU.ActiveCfg = Debug|Any CPU
		{7BD703B4-A09B-4FA6-9408-473DBF0EE048}.Debug|Any CPU.Build.0 = Debug|Any CPU
		{7BD703B4-A09B-4FA6-9408-473DBF0EE048}.Release|Any CPU.ActiveCfg = Release|Any CPU
		{7BD703B4-A09B-4FA6-9408-473DBF0EE048}.Release|Any CPU.Build.0 = Release|Any CPU
	EndGlobalSection
	GlobalSection(SolutionProperties) = preSolution
		HideSolutionNode = FALSE
	EndGlobalSection
	GlobalSection(ExtensibilityGlobals) = postSolution
		SolutionGuid = {16640D26-1D22-4D59-988B-FD401D15AAA7}
	EndGlobalSection
EndGlobal
